PODS:
  - AFNetworking (3.1.0):
    - AFNetworking/NSURLSession (= 3.1.0)
    - AFNetworking/Reachability (= 3.1.0)
    - AFNetworking/Security (= 3.1.0)
    - AFNetworking/Serialization (= 3.1.0)
    - AFNetworking/UIKit (= 3.1.0)
  - AFNetworking/NSURLSession (3.1.0):
    - AFNetworking/Reachability
    - AFNetworking/Security
    - AFNetworking/Serialization
  - AFNetworking/Reachability (3.1.0)
  - AFNetworking/Security (3.1.0)
  - AFNetworking/Serialization (3.1.0)
  - AFNetworking/UIKit (3.1.0):
    - AFNetworking/NSURLSession
  - CTMediator (0.0.3)
  - Masonry (1.0.2)
  - MJExtension (3.0.13)
  - MJRefresh (3.1.12)
  - ReactiveCocoa (2.5):
    - ReactiveCocoa/UI (= 2.5)
  - ReactiveCocoa/Core (2.5):
    - ReactiveCocoa/no-arc
  - ReactiveCocoa/no-arc (2.5)
  - ReactiveCocoa/UI (2.5):
    - ReactiveCocoa/Core
  - SDWebImage (4.0.0):
    - SDWebImage/Core (= 4.0.0)
  - SDWebImage/Core (4.0.0)
  - TRZXDIYRefresh (0.0.1):
    - MJRefresh
  - TRZXKit (0.0.9)
  - TRZXNetwork (0.0.7):
    - AFNetworking
    - YYCache
  - TRZXProjectDetail (0.0.8):
    - Masonry
    - MJExtension
    - ReactiveCocoa (~> 2.5)
    - SDWebImage
    - TRZXKit
    - TRZXNetwork
    - ZBCellConfig
  - TRZXProjectDetailCategory (0.0.1):
    - CTMediator
  - TRZXProjectScreening (0.0.1):
    - Masonry
    - ReactiveCocoa (~> 2.5)
    - TRZXKit
    - TRZXNetwork
  - TRZXProjectScreeningBusinessCategory (0.0.2):
    - CTMediator
  - WMPageController (2.2.1)
  - YYCache (1.0.4)
  - ZBCellConfig (0.0.1)

DEPENDENCIES:
  - Masonry
  - MJExtension
  - ReactiveCocoa (~> 2.5)
  - TRZXDIYRefresh
  - TRZXKit
  - TRZXNetwork
  - TRZXProjectDetail
  - TRZXProjectDetailCategory
  - TRZXProjectScreening
  - TRZXProjectScreeningBusinessCategory
  - WMPageController

SPEC CHECKSUMS:
  AFNetworking: 5e0e199f73d8626b11e79750991f5d173d1f8b67
  CTMediator: c9a1203561e2232cb9a72822659159a02ae3cf20
  Masonry: 7c429b56da9d4ee0bbb3ed77a5ea710d6a5df39e
  MJExtension: 5932755f451458eefa24239358817f8d291240c7
  MJRefresh: b96cdb21c4aa75a7b07654311ab2f315c497e806
  ReactiveCocoa: e2db045570aa97c695e7aa97c2bcab222ae51f4a
  SDWebImage: 76a6348bdc74eb5a55dd08a091ef298e56b55e41
  TRZXDIYRefresh: a89e7cf1658ff7d57aad081c596c2a9cf137dcf2
  TRZXKit: af6dc2bcca593585d079d59ca10c8912ddc81b56
  TRZXNetwork: d6ce75a420218ed4b6b95f10220442f175947125
  TRZXProjectDetail: a6408e9d4743545e5e831be5c6ee663051d3cb49
  TRZXProjectDetailCategory: 71589b03fec7b46e89e8c4ea30b062380ef79bb8
  TRZXProjectScreening: 2c40b12e1c4cebcfadb448441fbf9260b50fb118
  TRZXProjectScreeningBusinessCategory: 3f7c61fe9d8ae6d6b071f013c119b7c8f96a8d43
  WMPageController: 181bcc9b1fb7c9c3466bff66012552953a547d28
  YYCache: 8105b6638f5e849296c71f331ff83891a4942952
  ZBCellConfig: 81d13572960dbf03e5a09b70d813f6dceef7de0f

PODFILE CHECKSUM: 5977ce7e54c591329a53c8d41e7cc697cf0b1439

COCOAPODS: 1.2.0
